
Microsoft Visual Studio Solution File, Format Version 12.00
# Visual Studio Version 17
VisualStudioVersion = 17.4.33403.182
MinimumVisualStudioVersion = 10.0.40219.1
Project("{FAE04EC0-301F-11D3-BF4B-00C04F79EFBC}") = "EmpWageComputation", "EmpWageComputation.csproj", "{3651C135-6BE1-41C0-9985-2FDF78D33312}"
EndProject
Global
	GlobalSection(SolutionConfigurationPlatforms) = preSolution
		Debug|Any CPU = Debug|Any CPU
		Release|Any CPU = Release|Any CPU
	EndGlobalSection
	GlobalSection(ProjectConfigurationPlatforms) = postSolution
		{3651C135-6BE1-41C0-9985-2FDF78D33312}.Debug|Any CPU.ActiveCfg = Debug|Any CPU
		{3651C135-6BE1-41C0-9985-2FDF78D33312}.Debug|Any CPU.Build.0 = Debug|Any CPU
		{3651C135-6BE1-41C0-9985-2FDF78D33312}.Release|Any CPU.ActiveCfg = Release|Any CPU
		{3651C135-6BE1-41C0-9985-2FDF78D33312}.Release|Any CPU.Build.0 = Release|Any CPU
	EndGlobalSection
	GlobalSection(SolutionProperties) = preSolution
		HideSolutionNode = FALSE
	EndGlobalSection
	GlobalSection(ExtensibilityGlobals) = postSolution
		SolutionGuid = {80512263-762A-4C50-9D86-AD4B924E86CE}
	EndGlobalSection
EndGlobal
